
Microsoft Visual Studio Solution File, Format Version 12.00
# Visual Studio Version 17
VisualStudioVersion = 17.11.35312.102
MinimumVisualStudioVersion = 10.0.40219.1
Project("{FAE04EC0-301F-11D3-BF4B-00C04F79EFBC}") = "Projekt-Lockify", "Projekt-Lockify\Projekt-Lockify.csproj", "{8028815C-F512-4D15-9640-7AF72EE3122C}"
EndProject
Global
	GlobalSection(SolutionConfigurationPlatforms) = preSolution
		Debug|Any CPU = Debug|Any CPU
		Release|Any CPU = Release|Any CPU
	EndGlobalSection
	GlobalSection(ProjectConfigurationPlatforms) = postSolution
		{8028815C-F512-4D15-9640-7AF72EE3122C}.Debug|Any CPU.ActiveCfg = Debug|Any CPU
		{8028815C-F512-4D15-9640-7AF72EE3122C}.Debug|Any CPU.Build.0 = Debug|Any CPU
		{8028815C-F512-4D15-9640-7AF72EE3122C}.Release|Any CPU.ActiveCfg = Release|Any CPU
		{8028815C-F512-4D15-9640-7AF72EE3122C}.Release|Any CPU.Build.0 = Release|Any CPU
	EndGlobalSection
	GlobalSection(SolutionProperties) = preSolution
		HideSolutionNode = FALSE
	EndGlobalSection
	GlobalSection(ExtensibilityGlobals) = postSolution
		SolutionGuid = {B258EADF-D185-4E3B-94F2-4840C04DB6D8}
	EndGlobalSection
EndGlobal
